
Microsoft Visual Studio Solution File, Format Version 12.00
# Visual Studio Version 16
VisualStudioVersion = 16.0.29025.244
MinimumVisualStudioVersion = 10.0.40219.1
Project("{FAE04EC0-301F-11D3-BF4B-00C04F79EFBC}") = "BandAid", "BandAid\BandAid.csproj", "{03DC2D64-DAB0-40B4-B1FF-AB4B475646CC}"
EndProject
Global
	GlobalSection(SolutionConfigurationPlatforms) = preSolution
		Debug|Any CPU = Debug|Any CPU
		Release|Any CPU = Release|Any CPU
	EndGlobalSection
	GlobalSection(ProjectConfigurationPlatforms) = postSolution
		{03DC2D64-DAB0-40B4-B1FF-AB4B475646CC}.Debug|Any CPU.ActiveCfg = Debug|Any CPU
		{03DC2D64-DAB0-40B4-B1FF-AB4B475646CC}.Debug|Any CPU.Build.0 = Debug|Any CPU
		{03DC2D64-DAB0-40B4-B1FF-AB4B475646CC}.Release|Any CPU.ActiveCfg = Release|Any CPU
		{03DC2D64-DAB0-40B4-B1FF-AB4B475646CC}.Release|Any CPU.Build.0 = Release|Any CPU
	EndGlobalSection
	GlobalSection(SolutionProperties) = preSolution
		HideSolutionNode = FALSE
	EndGlobalSection
	GlobalSection(ExtensibilityGlobals) = postSolution
		SolutionGuid = {19924C14-1C42-4D26-BD50-6AED2971CEFD}
	EndGlobalSection
EndGlobal
